# This file is generated by running "yarn install" inside your project.
# Manual changes might be lost - proceed with caution!

__metadata:
  version: 4
  cacheKey: 8

"@team581/tshirt-cannon@workspace:.":
  version: 0.0.0-use.local
  resolution: "@team581/tshirt-cannon@workspace:."
  dependencies:
    prettier: 2.4.1
    prettier-plugin-java: 1.5.0
  languageName: unknown
  linkType: soft

"chevrotain@npm:6.5.0":
  version: 6.5.0
  resolution: "chevrotain@npm:6.5.0"
  dependencies:
    regexp-to-ast: 0.4.0
  checksum: ce03cf3874ae1fd91bb57de753ea313442c7d1be04f59ab126c237062b51f5cb3204e9bdbb1b469973c96c1ce0850e83f909bee14a23bb88a0dbbd964e1c2a9e
  languageName: node
  linkType: hard

"java-parser@npm:2.0.0":
  version: 2.0.0
  resolution: "java-parser@npm:2.0.0"
  dependencies:
    chevrotain: 6.5.0
    lodash: 4.17.21
  checksum: ac2ccd448d0b5d9232927f514279edd1557cd898455d6528190ae2568303d73f53214c2977f6988d1c5c351719c69dd82c65850ba53d77d0cf0449e5b42cbe81
  languageName: node
  linkType: hard

"lodash@npm:4.17.21":
  version: 4.17.21
  resolution: "lodash@npm:4.17.21"
  checksum: eb835a2e51d381e561e508ce932ea50a8e5a68f4ebdd771ea240d3048244a8d13658acbd502cd4829768c56f2e16bdd4340b9ea141297d472517b83868e677f7
  languageName: node
  linkType: hard

"prettier-plugin-java@npm:1.5.0":
  version: 1.5.0
  resolution: "prettier-plugin-java@npm:1.5.0"
  dependencies:
    java-parser: 2.0.0
    lodash: 4.17.21
    prettier: 2.3.1
  checksum: e053f36949367deee1f99ada651a4df49d6101290ac709e58513aff23907ddf0b7496eff4305f904c4f411ddb8cea49674a482392a2d17b73e279b9bca8af1a6
  languageName: node
  linkType: hard

"prettier@npm:2.3.1":
  version: 2.3.1
  resolution: "prettier@npm:2.3.1"
  bin:
    prettier: bin-prettier.js
  checksum: 3b37731ff7150feecf19736c77c790e7e276b404ac9af81cbaf87cfecefc48ef9a864f34c2a5caf5955378b8f2525984b8611703a0d9c1f052b4cfa6eb35899f
  languageName: node
  linkType: hard

"prettier@npm:2.4.1":
  version: 2.4.1
  resolution: "prettier@npm:2.4.1"
  bin:
    prettier: bin-prettier.js
  checksum: cc6830588b401b0d742862fe9c46bc9118204fb307c3abe0e49e95b35ed23629573807ffdf9cdd65289c252a0bb51fc0171437f6626ee36378dea80f0ee80b91
  languageName: node
  linkType: hard

"regexp-to-ast@npm:0.4.0":
  version: 0.4.0
  resolution: "regexp-to-ast@npm:0.4.0"
  checksum: 0f42d802b6259dcd442f79460d8764aa39165323098a6346aded67957816eb2d007ab09e6c674448425df8f721692258c87b51b1ce75c5df23b390dbb36056c0
  languageName: node
  linkType: hard
